{
  "name": "wallet-bill-app",
  "lockfileVersion": 2,
  "requires": true,
  "packages": {
    "": {
      "name": "wallet-bill-app",
      "version": "0.1.0",
      "dependencies": {
        "papaparse": "^5.4.1",
        "qrcode": "^1.5.1"
      }
    },
    "node_modules/papaparse": {
      "version": "5.4.1",
      "resolved": "https://registry.npmjs.org/papaparse/-/papaparse-5.4.1.tgz",
      "integrity": "sha512-unknown"
    },
    "node_modules/qrcode": {
      "version": "1.5.1",
      "resolved": "https://registry.npmjs.org/qrcode/-/qrcode-1.5.1.tgz",
      "integrity": "sha512-unknown"
    }
  },
  "dependencies": {
    "papaparse": {
      "version": "5.4.1",
      "resolved": "https://registry.npmjs.org/papaparse/-/papaparse-5.4.1.tgz",
      "integrity": "sha512-unknown"
    },
    "qrcode": {
      "version": "1.5.1",
      "resolved": "https://registry.npmjs.org/qrcode/-/qrcode-1.5.1.tgz",
      "integrity": "sha512-unknown"
    }
  }
}


